// !$*UTF8*$!
{
	archiveVersion = 1;
	classes = {
	};
	objectVersion = 50;
	objects = {

/* Begin PBXBuildFile section */
		54D7ABA6230C412E000DE98D /* AppDelegate.swift in Sources */ = {isa = PBXBuildFile; fileRef = 54D7ABA5230C412E000DE98D /* AppDelegate.swift */; };
		54D7ABA8230C412E000DE98D /* ViewController.swift in Sources */ = {isa = PBXBuildFile; fileRef = 54D7ABA7230C412E000DE98D /* ViewController.swift */; };
		54D7ABAB230C412E000DE98D /* Main.storyboard in Resources */ = {isa = PBXBuildFile; fileRef = 54D7ABA9230C412E000DE98D /* Main.storyboard */; };
		54D7ABAD230C4131000DE98D /* Assets.xcassets in Resources */ = {isa = PBXBuildFile; fileRef = 54D7ABAC230C4131000DE98D /* Assets.xcassets */; };
		54D7ABB0230C4131000DE98D /* LaunchScreen.storyboard in Resources */ = {isa = PBXBuildFile; fileRef = 54D7ABAE230C4131000DE98D /* LaunchScreen.storyboard */; };
		54D7ABBB230C4132000DE98D /* got_classTests.swift in Sources */ = {isa = PBXBuildFile; fileRef = 54D7ABBA230C4132000DE98D /* got_classTests.swift */; };
		54D7ABC6230C4132000DE98D /* got_classUITests.swift in Sources */ = {isa = PBXBuildFile; fileRef = 54D7ABC5230C4132000DE98D /* got_classUITests.swift */; };
		54D7ABD4230C416E000DE98D /* ClassNotes.swift in Sources */ = {isa = PBXBuildFile; fileRef = 54D7ABD3230C416E000DE98D /* ClassNotes.swift */; };
		54D7ABD8230C4540000DE98D /* Episode.swift in Sources */ = {isa = PBXBuildFile; fileRef = 54D7ABD7230C4540000DE98D /* Episode.swift */; };
		54D7ABDA230C4A4F000DE98D /* EpisodeTableViewCell.swift in Sources */ = {isa = PBXBuildFile; fileRef = 54D7ABD9230C4A4F000DE98D /* EpisodeTableViewCell.swift */; };
/* End PBXBuildFile section */

/* Begin PBXContainerItemProxy section */
		54D7ABB7230C4132000DE98D /* PBXContainerItemProxy */ = {
			isa = PBXContainerItemProxy;
			containerPortal = 54D7AB9A230C412E000DE98D /* Project object */;
			proxyType = 1;
			remoteGlobalIDString = 54D7ABA1230C412E000DE98D;
			remoteInfo = "got-class";
		};
		54D7ABC2230C4132000DE98D /* PBXContainerItemProxy */ = {
			isa = PBXContainerItemProxy;
			containerPortal = 54D7AB9A230C412E000DE98D /* Project object */;
			proxyType = 1;
			remoteGlobalIDString = 54D7ABA1230C412E000DE98D;
			remoteInfo = "got-class";
		};
/* End PBXContainerItemProxy section */

/* Begin PBXFileReference section */
		54D7ABA2230C412E000DE98D /* got-class.app */ = {isa = PBXFileReference; explicitFileType = wrapper.application; includeInIndex = 0; path = "got-class.app"; sourceTree = BUILT_PRODUCTS_DIR; };
		54D7ABA5230C412E000DE98D /* AppDelegate.swift */ = {isa = PBXFileReference; lastKnownFileType = sourcecode.swift; path = AppDelegate.swift; sourceTree = "<group>"; };
		54D7ABA7230C412E000DE98D /* ViewController.swift */ = {isa = PBXFileReference; lastKnownFileType = sourcecode.swift; path = ViewController.swift; sourceTree = "<group>"; };
		54D7ABAA230C412E000DE98D /* Base */ = {isa = PBXFileReference; lastKnownFileType = file.storyboard; name = Base; path = Base.lproj/Main.storyboard; sourceTree = "<group>"; };
		54D7ABAC230C4131000DE98D /* Assets.xcassets */ = {isa = PBXFileReference; lastKnownFileType = folder.assetcatalog; path = Assets.xcassets; sourceTree = "<group>"; };
		54D7ABAF230C4131000DE98D /* Base */ = {isa = PBXFileReference; lastKnownFileType = file.storyboard; name = Base; path = Base.lproj/LaunchScreen.storyboard; sourceTree = "<group>"; };
		54D7ABB1230C4131000DE98D /* Info.plist */ = {isa = PBXFileReference; lastKnownFileType = text.plist.xml; path = Info.plist; sourceTree = "<group>"; };
		54D7ABB6230C4132000DE98D /* got-classTests.xctest */ = {isa = PBXFileReference; explicitFileType = wrapper.cfbundle; includeInIndex = 0; path = "got-classTests.xctest"; sourceTree = BUILT_PRODUCTS_DIR; };
		54D7ABBA230C4132000DE98D /* got_classTests.swift */ = {isa = PBXFileReference; lastKnownFileType = sourcecode.swift; path = got_classTests.swift; sourceTree = "<group>"; };
		54D7ABBC230C4132000DE98D /* Info.plist */ = {isa = PBXFileReference; lastKnownFileType = text.plist.xml; path = Info.plist; sourceTree = "<group>"; };
		54D7ABC1230C4132000DE98D /* got-classUITests.xctest */ = {isa = PBXFileReference; explicitFileType = wrapper.cfbundle; includeInIndex = 0; path = "got-classUITests.xctest"; sourceTree = BUILT_PRODUCTS_DIR; };
		54D7ABC5230C4132000DE98D /* got_classUITests.swift */ = {isa = PBXFileReference; lastKnownFileType = sourcecode.swift; path = got_classUITests.swift; sourceTree = "<group>"; };
		54D7ABC7230C4132000DE98D /* Info.plist */ = {isa = PBXFileReference; lastKnownFileType = text.plist.xml; path = Info.plist; sourceTree = "<group>"; };
		54D7ABD3230C416E000DE98D /* ClassNotes.swift */ = {isa = PBXFileReference; lastKnownFileType = sourcecode.swift; path = ClassNotes.swift; sourceTree = "<group>"; };
		54D7ABD7230C4540000DE98D /* Episode.swift */ = {isa = PBXFileReference; lastKnownFileType = sourcecode.swift; path = Episode.swift; sourceTree = "<group>"; };
		54D7ABD9230C4A4F000DE98D /* EpisodeTableViewCell.swift */ = {isa = PBXFileReference; lastKnownFileType = sourcecode.swift; path = EpisodeTableViewCell.swift; sourceTree = "<group>"; };
/* End PBXFileReference section */

/* Begin PBXFrameworksBuildPhase section */
		54D7AB9F230C412E000DE98D /* Frameworks */ = {
			isa = PBXFrameworksBuildPhase;
			buildActionMask = 2147483647;
			files = (
			);
			runOnlyForDeploymentPostprocessing = 0;
		};
		54D7ABB3230C4132000DE98D /* Frameworks */ = {
			isa = PBXFrameworksBuildPhase;
			buildActionMask = 2147483647;
			files = (
			);
			runOnlyForDeploymentPostprocessing = 0;
		};
		54D7ABBE230C4132000DE98D /* Frameworks */ = {
			isa = PBXFrameworksBuildPhase;
			buildActionMask = 2147483647;
			files = (
			);
			runOnlyForDeploymentPostprocessing = 0;
		};
/* End PBXFrameworksBuildPhase section */

/* Begin PBXGroup section */
		54D7AB99230C412E000DE98D = {
			isa = PBXGroup;
			children = (
				54D7ABD7230C4540000DE98D /* Episode.swift */,
				54D7ABD3230C416E000DE98D /* ClassNotes.swift */,
				54D7ABA4230C412E000DE98D /* got-class */,
				54D7ABB9230C4132000DE98D /* got-classTests */,
				54D7ABC4230C4132000DE98D /* got-classUITests */,
				54D7ABA3230C412E000DE98D /* Products */,
			);
			sourceTree = "<group>";
		};
		54D7ABA3230C412E000DE98D /* Products */ = {
			isa = PBXGroup;
			children = (
				54D7ABA2230C412E000DE98D /* got-class.app */,
				54D7ABB6230C4132000DE98D /* got-classTests.xctest */,
				54D7ABC1230C4132000DE98D /* got-classUITests.xctest */,
			);
			name = Products;
			sourceTree = "<group>";
		};
		54D7ABA4230C412E000DE98D /* got-class */ = {
			isa = PBXGroup;
			children = (
				54D7ABA5230C412E000DE98D /* AppDelegate.swift */,
				54D7ABA7230C412E000DE98D /* ViewController.swift */,
				54D7ABA9230C412E000DE98D /* Main.storyboard */,
				54D7ABD9230C4A4F000DE98D /* EpisodeTableViewCell.swift */,
				54D7ABAC230C4131000DE98D /* Assets.xcassets */,
				54D7ABAE230C4131000DE98D /* LaunchScreen.storyboard */,
				54D7ABB1230C4131000DE98D /* Info.plist */,
			);
			path = "got-class";
			sourceTree = "<group>";
		};
		54D7ABB9230C4132000DE98D /* got-classTests */ = {
			isa = PBXGroup;
			children = (
				54D7ABBA230C4132000DE98D /* got_classTests.swift */,
				54D7ABBC230C4132000DE98D /* Info.plist */,
			);
			path = "got-classTests";
			sourceTree = "<group>";
		};
		54D7ABC4230C4132000DE98D /* got-classUITests */ = {
			isa = PBXGroup;
			children = (
				54D7ABC5230C4132000DE98D /* got_classUITests.swift */,
				54D7ABC7230C4132000DE98D /* Info.plist */,
			);
			path = "got-classUITests";
			sourceTree = "<group>";
		};
/* End PBXGroup section */

/* Begin PBXNativeTarget section */
		54D7ABA1230C412E000DE98D /* got-class */ = {
			isa = PBXNativeTarget;
			buildConfigurationList = 54D7ABCA230C4132000DE98D /* Build configuration list for PBXNativeTarget "got-class" */;
			buildPhases = (
				54D7AB9E230C412E000DE98D /* Sources */,
				54D7AB9F230C412E000DE98D /* Frameworks */,
				54D7ABA0230C412E000DE98D /* Resources */,
			);
			buildRules = (
			);
			dependencies = (
			);
			name = "got-class";
			productName = "got-class";
			productReference = 54D7ABA2230C412E000DE98D /* got-class.app */;
			productType = "com.apple.product-type.application";
		};
		54D7ABB5230C4132000DE98D /* got-classTests */ = {
			isa = PBXNativeTarget;
			buildConfigurationList = 54D7ABCD230C4132000DE98D /* Build configuration list for PBXNativeTarget "got-classTests" */;
			buildPhases = (
				54D7ABB2230C4132000DE98D /* Sources */,
				54D7ABB3230C4132000DE98D /* Frameworks */,
				54D7ABB4230C4132000DE98D /* Resources */,
			);
			buildRules = (
			);
			dependencies = (
				54D7ABB8230C4132000DE98D /* PBXTargetDependency */,
			);
			name = "got-classTests";
			productName = "got-classTests";
			productReference = 54D7ABB6230C4132000DE98D /* got-classTests.xctest */;
			productType = "com.apple.product-type.bundle.unit-test";
		};
		54D7ABC0230C4132000DE98D /* got-classUITests */ = {
			isa = PBXNativeTarget;
			buildConfigurationList = 54D7ABD0230C4132000DE98D /* Build configuration list for PBXNativeTarget "got-classUITests" */;
			buildPhases = (
				54D7ABBD230C4132000DE98D /* Sources */,
				54D7ABBE230C4132000DE98D /* Frameworks */,
				54D7ABBF230C4132000DE98D /* Resources */,
			);
			buildRules = (
			);
			dependencies = (
				54D7ABC3230C4132000DE98D /* PBXTargetDependency */,
			);
			name = "got-classUITests";
			productName = "got-classUITests";
			productReference = 54D7ABC1230C4132000DE98D /* got-classUITests.xctest */;
			productType = "com.apple.product-type.bundle.ui-testing";
		};
/* End PBXNativeTarget section */

/* Begin PBXProject section */
		54D7AB9A230C412E000DE98D /* Project object */ = {
			isa = PBXProject;
			attributes = {
				LastSwiftUpdateCheck = 1020;
				LastUpgradeCheck = 1020;
				ORGANIZATIONNAME = "David Rifkin";
				TargetAttributes = {
					54D7ABA1230C412E000DE98D = {
						CreatedOnToolsVersion = 10.2.1;
					};
					54D7ABB5230C4132000DE98D = {
						CreatedOnToolsVersion = 10.2.1;
						TestTargetID = 54D7ABA1230C412E000DE98D;
					};
					54D7ABC0230C4132000DE98D = {
						CreatedOnToolsVersion = 10.2.1;
						TestTargetID = 54D7ABA1230C412E000DE98D;
					};
				};
			};
			buildConfigurationList = 54D7AB9D230C412E000DE98D /* Build configuration list for PBXProject "got-class" */;
			compatibilityVersion = "Xcode 9.3";
			developmentRegion = en;
			hasScannedForEncodings = 0;
			knownRegions = (
				en,
				Base,
			);
			mainGroup = 54D7AB99230C412E000DE98D;
			productRefGroup = 54D7ABA3230C412E000DE98D /* Products */;
			projectDirPath = "";
			projectRoot = "";
			targets = (
				54D7ABA1230C412E000DE98D /* got-class */,
				54D7ABB5230C4132000DE98D /* got-classTests */,
				54D7ABC0230C4132000DE98D /* got-classUITests */,
			);
		};
/* End PBXProject section */

/* Begin PBXResourcesBuildPhase section */
		54D7ABA0230C412E000DE98D /* Resources */ = {
			isa = PBXResourcesBuildPhase;
			buildActionMask = 2147483647;
			files = (
				54D7ABB0230C4131000DE98D /* LaunchScreen.storyboard in Resources */,
				54D7ABAD230C4131000DE98D /* Assets.xcassets in Resources */,
				54D7ABAB230C412E000DE98D /* Main.storyboard in Resources */,
			);
			runOnlyForDeploymentPostprocessing = 0;
		};
		54D7ABB4230C4132000DE98D /* Resources */ = {
			isa = PBXResourcesBuildPhase;
			buildActionMask = 2147483647;
			files = (
			);
			runOnlyForDeploymentPostprocessing = 0;
		};
		54D7ABBF230C4132000DE98D /* Resources */ = {
			isa = PBXResourcesBuildPhase;
			buildActionMask = 2147483647;
			files = (
			);
			runOnlyForDeploymentPostprocessing = 0;
		};
/* End PBXResourcesBuildPhase section */

/* Begin PBXSourcesBuildPhase section */
		54D7AB9E230C412E000DE98D /* Sources */ = {
			isa = PBXSourcesBuildPhase;
			buildActionMask = 2147483647;
			files = (
				54D7ABD4230C416E000DE98D /* ClassNotes.swift in Sources */,
				54D7ABD8230C4540000DE98D /* Episode.swift in Sources */,
				54D7ABA8230C412E000DE98D /* ViewController.swift in Sources */,
				54D7ABDA230C4A4F000DE98D /* EpisodeTableViewCell.swift in Sources */,
				54D7ABA6230C412E000DE98D /* AppDelegate.swift in Sources */,
			);
			runOnlyForDeploymentPostprocessing = 0;
		};
		54D7ABB2230C4132000DE98D /* Sources */ = {
			isa = PBXSourcesBuildPhase;
			buildActionMask = 2147483647;
			files = (
				54D7ABBB230C4132000DE98D /* got_classTests.swift in Sources */,
			);
			runOnlyForDeploymentPostprocessing = 0;
		};
		54D7ABBD230C4132000DE98D /* Sources */ = {
			isa = PBXSourcesBuildPhase;
			buildActionMask = 2147483647;
			files = (
				54D7ABC6230C4132000DE98D /* got_classUITests.swift in Sources */,
			);
			runOnlyForDeploymentPostprocessing = 0;
		};
/* End PBXSourcesBuildPhase section */

/* Begin PBXTargetDependency section */
		54D7ABB8230C4132000DE98D /* PBXTargetDependency */ = {
			isa = PBXTargetDependency;
			target = 54D7ABA1230C412E000DE98D /* got-class */;
			targetProxy = 54D7ABB7230C4132000DE98D /* PBXContainerItemProxy */;
		};
		54D7ABC3230C4132000DE98D /* PBXTargetDependency */ = {
			isa = PBXTargetDependency;
			target = 54D7ABA1230C412E000DE98D /* got-class */;
			targetProxy = 54D7ABC2230C4132000DE98D /* PBXContainerItemProxy */;
		};
/* End PBXTargetDependency section */

/* Begin PBXVariantGroup section */
		54D7ABA9230C412E000DE98D /* Main.storyboard */ = {
			isa = PBXVariantGroup;
			children = (
				54D7ABAA230C412E000DE98D /* Base */,
			);
			name = Main.storyboard;
			sourceTree = "<group>";
		};
		54D7ABAE230C4131000DE98D /* LaunchScreen.storyboard */ = {
			isa = PBXVariantGroup;
			children = (
				54D7ABAF230C4131000DE98D /* Base */,
			);
			name = LaunchScreen.storyboard;
			sourceTree = "<group>";
		};
/* End PBXVariantGroup section */

/* Begin XCBuildConfiguration section */
		54D7ABC8230C4132000DE98D /* Debug */ = {
			isa = XCBuildConfiguration;
			buildSettings = {
				ALWAYS_SEARCH_USER_PATHS = NO;
				CLANG_ANALYZER_NONNULL = YES;
				CLANG_ANALYZER_NUMBER_OBJECT_CONVERSION = YES_AGGRESSIVE;
				CLANG_CXX_LANGUAGE_STANDARD = "gnu++14";
				CLANG_CXX_LIBRARY = "libc++";
				CLANG_ENABLE_MODULES = YES;
				CLANG_ENABLE_OBJC_ARC = YES;
				CLANG_ENABLE_OBJC_WEAK = YES;
				CLANG_WARN_BLOCK_CAPTURE_AUTORELEASING = YES;
				CLANG_WARN_BOOL_CONVERSION = YES;
				CLANG_WARN_COMMA = YES;
				CLANG_WARN_CONSTANT_CONVERSION = YES;
				CLANG_WARN_DEPRECATED_OBJC_IMPLEMENTATIONS = YES;
				CLANG_WARN_DIRECT_OBJC_ISA_USAGE = YES_ERROR;
				CLANG_WARN_DOCUMENTATION_COMMENTS = YES;
				CLANG_WARN_EMPTY_BODY = YES;
				CLANG_WARN_ENUM_CONVERSION = YES;
				CLANG_WARN_INFINITE_RECURSION = YES;
				CLANG_WARN_INT_CONVERSION = YES;
				CLANG_WARN_NON_LITERAL_NULL_CONVERSION = YES;
				CLANG_WARN_OBJC_IMPLICIT_RETAIN_SELF = YES;
				CLANG_WARN_OBJC_LITERAL_CONVERSION = YES;
				CLANG_WARN_OBJC_ROOT_CLASS = YES_ERROR;
				CLANG_WARN_RANGE_LOOP_ANALYSIS = YES;
				CLANG_WARN_STRICT_PROTOTYPES = YES;
				CLANG_WARN_SUSPICIOUS_MOVE = YES;
				CLANG_WARN_UNGUARDED_AVAILABILITY = YES_AGGRESSIVE;
				CLANG_WARN_UNREACHABLE_CODE = YES;
				CLANG_WARN__DUPLICATE_METHOD_MATCH = YES;
				CODE_SIGN_IDENTITY = "iPhone Developer";
				COPY_PHASE_STRIP = NO;
				DEBUG_INFORMATION_FORMAT = dwarf;
				ENABLE_STRICT_OBJC_MSGSEND = YES;
				ENABLE_TESTABILITY = YES;
				GCC_C_LANGUAGE_STANDARD = gnu11;
				GCC_DYNAMIC_NO_PIC = NO;
				GCC_NO_COMMON_BLOCKS = YES;
				GCC_OPTIMIZATION_LEVEL = 0;
				GCC_PREPROCESSOR_DEFINITIONS = (
					"DEBUG=1",
					"$(inherited)",
				);
				GCC_WARN_64_TO_32_BIT_CONVERSION = YES;
				GCC_WARN_ABOUT_RETURN_TYPE = YES_ERROR;
				GCC_WARN_UNDECLARED_SELECTOR = YES;
				GCC_WARN_UNINITIALIZED_AUTOS = YES_AGGRESSIVE;
				GCC_WARN_UNUSED_FUNCTION = YES;
				GCC_WARN_UNUSED_VARIABLE = YES;
				IPHONEOS_DEPLOYMENT_TARGET = 12.2;
				MTL_ENABLE_DEBUG_INFO = INCLUDE_SOURCE;
				MTL_FAST_MATH = YES;
				ONLY_ACTIVE_ARCH = YES;
				SDKROOT = iphoneos;
				SWIFT_ACTIVE_COMPILATION_CONDITIONS = DEBUG;
				SWIFT_OPTIMIZATION_LEVEL = "-Onone";
			};
			name = Debug;
		};
		54D7ABC9230C4132000DE98D /* Release */ = {
			isa = XCBuildConfiguration;
			buildSettings = {
				ALWAYS_SEARCH_USER_PATHS = NO;
				CLANG_ANALYZER_NONNULL = YES;
				CLANG_ANALYZER_NUMBER_OBJECT_CONVERSION = YES_AGGRESSIVE;
				CLANG_CXX_LANGUAGE_STANDARD = "gnu++14";
				CLANG_CXX_LIBRARY = "libc++";
				CLANG_ENABLE_MODULES = YES;
				CLANG_ENABLE_OBJC_ARC = YES;
				CLANG_ENABLE_OBJC_WEAK = YES;
				CLANG_WARN_BLOCK_CAPTURE_AUTORELEASING = YES;
				CLANG_WARN_BOOL_CONVERSION = YES;
				CLANG_WARN_COMMA = YES;
				CLANG_WARN_CONSTANT_CONVERSION = YES;
				CLANG_WARN_DEPRECATED_OBJC_IMPLEMENTATIONS = YES;
				CLANG_WARN_DIRECT_OBJC_ISA_USAGE = YES_ERROR;
				CLANG_WARN_DOCUMENTATION_COMMENTS = YES;
				CLANG_WARN_EMPTY_BODY = YES;
				CLANG_WARN_ENUM_CONVERSION = YES;
				CLANG_WARN_INFINITE_RECURSION = YES;
				CLANG_WARN_INT_CONVERSION = YES;
				CLANG_WARN_NON_LITERAL_NULL_CONVERSION = YES;
				CLANG_WARN_OBJC_IMPLICIT_RETAIN_SELF = YES;
				CLANG_WARN_OBJC_LITERAL_CONVERSION = YES;
				CLANG_WARN_OBJC_ROOT_CLASS = YES_ERROR;
				CLANG_WARN_RANGE_LOOP_ANALYSIS = YES;
				CLANG_WARN_STRICT_PROTOTYPES = YES;
				CLANG_WARN_SUSPICIOUS_MOVE = YES;
				CLANG_WARN_UNGUARDED_AVAILABILITY = YES_AGGRESSIVE;
				CLANG_WARN_UNREACHABLE_CODE = YES;
				CLANG_WARN__DUPLICATE_METHOD_MATCH = YES;
				CODE_SIGN_IDENTITY = "iPhone Developer";
				COPY_PHASE_STRIP = NO;
				DEBUG_INFORMATION_FORMAT = "dwarf-with-dsym";
				ENABLE_NS_ASSERTIONS = NO;
				ENABLE_STRICT_OBJC_MSGSEND = YES;
				GCC_C_LANGUAGE_STANDARD = gnu11;
				GCC_NO_COMMON_BLOCKS = YES;
				GCC_WARN_64_TO_32_BIT_CONVERSION = YES;
				GCC_WARN_ABOUT_RETURN_TYPE = YES_ERROR;
				GCC_WARN_UNDECLARED_SELECTOR = YES;
				GCC_WARN_UNINITIALIZED_AUTOS = YES_AGGRESSIVE;
				GCC_WARN_UNUSED_FUNCTION = YES;
				GCC_WARN_UNUSED_VARIABLE = YES;
				IPHONEOS_DEPLOYMENT_TARGET = 12.2;
				MTL_ENABLE_DEBUG_INFO = NO;
				MTL_FAST_MATH = YES;
				SDKROOT = iphoneos;
				SWIFT_COMPILATION_MODE = wholemodule;
				SWIFT_OPTIMIZATION_LEVEL = "-O";
				VALIDATE_PRODUCT = YES;
			};
			name = Release;
		};
		54D7ABCB230C4132000DE98D /* Debug */ = {
			isa = XCBuildConfiguration;
			buildSettings = {
				ASSETCATALOG_COMPILER_APPICON_NAME = AppIcon;
				CODE_SIGN_STYLE = Automatic;
				INFOPLIST_FILE = "got-class/Info.plist";
				LD_RUNPATH_SEARCH_PATHS = (
					"$(inherited)",
					"@executable_path/Frameworks",
				);
				PRODUCT_BUNDLE_IDENTIFIER = "sixpointone.got-class";
				PRODUCT_NAME = "$(TARGET_NAME)";
				SWIFT_VERSION = 5.0;
				TARGETED_DEVICE_FAMILY = "1,2";
			};
			name = Debug;
		};
		54D7ABCC230C4132000DE98D /* Release */ = {
			isa = XCBuildConfiguration;
			buildSettings = {
				ASSETCATALOG_COMPILER_APPICON_NAME = AppIcon;
				CODE_SIGN_STYLE = Automatic;
				INFOPLIST_FILE = "got-class/Info.plist";
				LD_RUNPATH_SEARCH_PATHS = (
					"$(inherited)",
					"@executable_path/Frameworks",
				);
				PRODUCT_BUNDLE_IDENTIFIER = "sixpointone.got-class";
				PRODUCT_NAME = "$(TARGET_NAME)";
				SWIFT_VERSION = 5.0;
				TARGETED_DEVICE_FAMILY = "1,2";
			};
			name = Release;
		};
		54D7ABCE230C4132000DE98D /* Debug */ = {
			isa = XCBuildConfiguration;
			buildSettings = {
				ALWAYS_EMBED_SWIFT_STANDARD_LIBRARIES = YES;
				BUNDLE_LOADER = "$(TEST_HOST)";
				CODE_SIGN_STYLE = Automatic;
				INFOPLIST_FILE = "got-classTests/Info.plist";
				LD_RUNPATH_SEARCH_PATHS = (
					"$(inherited)",
					"@executable_path/Frameworks",
					"@loader_path/Frameworks",
				);
				PRODUCT_BUNDLE_IDENTIFIER = "sixpointone.got-classTests";
				PRODUCT_NAME = "$(TARGET_NAME)";
				SWIFT_VERSION = 5.0;
				TARGETED_DEVICE_FAMILY = "1,2";
				TEST_HOST = "$(BUILT_PRODUCTS_DIR)/got-class.app/got-class";
			};
			name = Debug;
		};
		54D7ABCF230C4132000DE98D /* Release */ = {
			isa = XCBuildConfiguration;
			buildSettings = {
				ALWAYS_EMBED_SWIFT_STANDARD_LIBRARIES = YES;
				BUNDLE_LOADER = "$(TEST_HOST)";
				CODE_SIGN_STYLE = Automatic;
				INFOPLIST_FILE = "got-classTests/Info.plist";
				LD_RUNPATH_SEARCH_PATHS = (
					"$(inherited)",
					"@executable_path/Frameworks",
					"@loader_path/Frameworks",
				);
				PRODUCT_BUNDLE_IDENTIFIER = "sixpointone.got-classTests";
				PRODUCT_NAME = "$(TARGET_NAME)";
				SWIFT_VERSION = 5.0;
				TARGETED_DEVICE_FAMILY = "1,2";
				TEST_HOST = "$(BUILT_PRODUCTS_DIR)/got-class.app/got-class";
			};
			name = Release;
		};
		54D7ABD1230C4132000DE98D /* Debug */ = {
			isa = XCBuildConfiguration;
			buildSettings = {
				ALWAYS_EMBED_SWIFT_STANDARD_LIBRARIES = YES;
				CODE_SIGN_STYLE = Automatic;
				INFOPLIST_FILE = "got-classUITests/Info.plist";
				LD_RUNPATH_SEARCH_PATHS = (
					"$(inherited)",
					"@executable_path/Frameworks",
					"@loader_path/Frameworks",
				);
				PRODUCT_BUNDLE_IDENTIFIER = "sixpointone.got-classUITests";
				PRODUCT_NAME = "$(TARGET_NAME)";
				SWIFT_VERSION = 5.0;
				TARGETED_DEVICE_FAMILY = "1,2";
				TEST_TARGET_NAME = "got-class";
			};
			name = Debug;
		};
		54D7ABD2230C4132000DE98D /* Release */ = {
			isa = XCBuildConfiguration;
			buildSettings = {
				ALWAYS_EMBED_SWIFT_STANDARD_LIBRARIES = YES;
				CODE_SIGN_STYLE = Automatic;
				INFOPLIST_FILE = "got-classUITests/Info.plist";
				LD_RUNPATH_SEARCH_PATHS = (
					"$(inherited)",
					"@executable_path/Frameworks",
					"@loader_path/Frameworks",
				);
				PRODUCT_BUNDLE_IDENTIFIER = "sixpointone.got-classUITests";
				PRODUCT_NAME = "$(TARGET_NAME)";
				SWIFT_VERSION = 5.0;
				TARGETED_DEVICE_FAMILY = "1,2";
				TEST_TARGET_NAME = "got-class";
			};
			name = Release;
		};
/* End XCBuildConfiguration section */

/* Begin XCConfigurationList section */
		54D7AB9D230C412E000DE98D /* Build configuration list for PBXProject "got-class" */ = {
			isa = XCConfigurationList;
			buildConfigurations = (
				54D7ABC8230C4132000DE98D /* Debug */,
				54D7ABC9230C4132000DE98D /* Release */,
			);
			defaultConfigurationIsVisible = 0;
			defaultConfigurationName = Release;
		};
		54D7ABCA230C4132000DE98D /* Build configuration list for PBXNativeTarget "got-class" */ = {
			isa = XCConfigurationList;
			buildConfigurations = (
				54D7ABCB230C4132000DE98D /* Debug */,
				54D7ABCC230C4132000DE98D /* Release */,
			);
			defaultConfigurationIsVisible = 0;
			defaultConfigurationName = Release;
		};
		54D7ABCD230C4132000DE98D /* Build configuration list for PBXNativeTarget "got-classTests" */ = {
			isa = XCConfigurationList;
			buildConfigurations = (
				54D7ABCE230C4132000DE98D /* Debug */,
				54D7ABCF230C4132000DE98D /* Release */,
			);
			defaultConfigurationIsVisible = 0;
			defaultConfigurationName = Release;
		};
		54D7ABD0230C4132000DE98D /* Build configuration list for PBXNativeTarget "got-classUITests" */ = {
			isa = XCConfigurationList;
			buildConfigurations = (
				54D7ABD1230C4132000DE98D /* Debug */,
				54D7ABD2230C4132000DE98D /* Release */,
			);
			defaultConfigurationIsVisible = 0;
			defaultConfigurationName = Release;
		};
/* End XCConfigurationList section */
	};
	rootObject = 54D7AB9A230C412E000DE98D /* Project object */;
}
